// !$*UTF8*$!
{
	archiveVersion = 1;
	classes = {
	};
	objectVersion = 51;
	objects = {

/* Begin PBXBuildFile section */
		155AD25B43920F4E4B67A5A2 /* Pods_TestCardViewTests.framework in Frameworks */ = {isa = PBXBuildFile; fileRef = F2BFCF3BD0C63C31AD0F04B5 /* Pods_TestCardViewTests.framework */; };
		C3D6412508B7636B98463E88 /* Pods_TestCardViewUITests.framework in Frameworks */ = {isa = PBXBuildFile; fileRef = 94D3EABAC2A841C05E3B9F9D /* Pods_TestCardViewUITests.framework */; };
		D22BC8ED23AB8A1400F97D84 /* AppDelegate.swift in Sources */ = {isa = PBXBuildFile; fileRef = D22BC8EC23AB8A1400F97D84 /* AppDelegate.swift */; };
		D22BC8EF23AB8A1400F97D84 /* ViewController.swift in Sources */ = {isa = PBXBuildFile; fileRef = D22BC8EE23AB8A1400F97D84 /* ViewController.swift */; };
		D22BC8F223AB8A1400F97D84 /* Main.storyboard in Resources */ = {isa = PBXBuildFile; fileRef = D22BC8F023AB8A1400F97D84 /* Main.storyboard */; };
		D22BC8F423AB8A1600F97D84 /* Assets.xcassets in Resources */ = {isa = PBXBuildFile; fileRef = D22BC8F323AB8A1600F97D84 /* Assets.xcassets */; };
		D22BC8F723AB8A1600F97D84 /* LaunchScreen.storyboard in Resources */ = {isa = PBXBuildFile; fileRef = D22BC8F523AB8A1600F97D84 /* LaunchScreen.storyboard */; };
		D22BC90223AB8A1600F97D84 /* TestCardViewTests.swift in Sources */ = {isa = PBXBuildFile; fileRef = D22BC90123AB8A1600F97D84 /* TestCardViewTests.swift */; };
		D22BC90D23AB8A1600F97D84 /* TestCardViewUITests.swift in Sources */ = {isa = PBXBuildFile; fileRef = D22BC90C23AB8A1600F97D84 /* TestCardViewUITests.swift */; };
		D22BC91B23AB8A2100F97D84 /* CustomCollectionViewCell.swift in Sources */ = {isa = PBXBuildFile; fileRef = D22BC91A23AB8A2100F97D84 /* CustomCollectionViewCell.swift */; };
		D22BC91F23AC98BA00F97D84 /* CardView.swift in Sources */ = {isa = PBXBuildFile; fileRef = D22BC91E23AC98BA00F97D84 /* CardView.swift */; };
		D2FFE2CE23B9F9C900DB0ED5 /* TitleScrollView.swift in Sources */ = {isa = PBXBuildFile; fileRef = D2FFE2CD23B9F9C900DB0ED5 /* TitleScrollView.swift */; };
		D2FFE2D023B9FFF800DB0ED5 /* Configue.swift in Sources */ = {isa = PBXBuildFile; fileRef = D2FFE2CF23B9FFF800DB0ED5 /* Configue.swift */; };
		F95B162EAB04B2005D5F295B /* Pods_TestCardView.framework in Frameworks */ = {isa = PBXBuildFile; fileRef = 8FA0BFDD9E65CEFF4C15D3ED /* Pods_TestCardView.framework */; };
/* End PBXBuildFile section */

/* Begin PBXContainerItemProxy section */
		D22BC8FE23AB8A1600F97D84 /* PBXContainerItemProxy */ = {
			isa = PBXContainerItemProxy;
			containerPortal = D22BC8E123AB8A1400F97D84 /* Project object */;
			proxyType = 1;
			remoteGlobalIDString = D22BC8E823AB8A1400F97D84;
			remoteInfo = TestCardView;
		};
		D22BC90923AB8A1600F97D84 /* PBXContainerItemProxy */ = {
			isa = PBXContainerItemProxy;
			containerPortal = D22BC8E123AB8A1400F97D84 /* Project object */;
			proxyType = 1;
			remoteGlobalIDString = D22BC8E823AB8A1400F97D84;
			remoteInfo = TestCardView;
		};
/* End PBXContainerItemProxy section */

/* Begin PBXFileReference section */
		686B4E22B44DF4FB8E18365E /* Pods-TestCardView.release.xcconfig */ = {isa = PBXFileReference; includeInIndex = 1; lastKnownFileType = text.xcconfig; name = "Pods-TestCardView.release.xcconfig"; path = "Target Support Files/Pods-TestCardView/Pods-TestCardView.release.xcconfig"; sourceTree = "<group>"; };
		8FA0BFDD9E65CEFF4C15D3ED /* Pods_TestCardView.framework */ = {isa = PBXFileReference; explicitFileType = wrapper.framework; includeInIndex = 0; path = Pods_TestCardView.framework; sourceTree = BUILT_PRODUCTS_DIR; };
		94D3EABAC2A841C05E3B9F9D /* Pods_TestCardViewUITests.framework */ = {isa = PBXFileReference; explicitFileType = wrapper.framework; includeInIndex = 0; path = Pods_TestCardViewUITests.framework; sourceTree = BUILT_PRODUCTS_DIR; };
		AC33ADE2FD11D3E90C3301F1 /* Pods-TestCardViewUITests.release.xcconfig */ = {isa = PBXFileReference; includeInIndex = 1; lastKnownFileType = text.xcconfig; name = "Pods-TestCardViewUITests.release.xcconfig"; path = "Target Support Files/Pods-TestCardViewUITests/Pods-TestCardViewUITests.release.xcconfig"; sourceTree = "<group>"; };
		BCC41B66160DE627D1C4C75D /* Pods-TestCardViewTests.debug.xcconfig */ = {isa = PBXFileReference; includeInIndex = 1; lastKnownFileType = text.xcconfig; name = "Pods-TestCardViewTests.debug.xcconfig"; path = "Target Support Files/Pods-TestCardViewTests/Pods-TestCardViewTests.debug.xcconfig"; sourceTree = "<group>"; };
		D22BC8E923AB8A1400F97D84 /* TestCardView.app */ = {isa = PBXFileReference; explicitFileType = wrapper.application; includeInIndex = 0; path = TestCardView.app; sourceTree = BUILT_PRODUCTS_DIR; };
		D22BC8EC23AB8A1400F97D84 /* AppDelegate.swift */ = {isa = PBXFileReference; lastKnownFileType = sourcecode.swift; path = AppDelegate.swift; sourceTree = "<group>"; };
		D22BC8EE23AB8A1400F97D84 /* ViewController.swift */ = {isa = PBXFileReference; lastKnownFileType = sourcecode.swift; path = ViewController.swift; sourceTree = "<group>"; };
		D22BC8F123AB8A1400F97D84 /* Base */ = {isa = PBXFileReference; lastKnownFileType = file.storyboard; name = Base; path = Base.lproj/Main.storyboard; sourceTree = "<group>"; };
		D22BC8F323AB8A1600F97D84 /* Assets.xcassets */ = {isa = PBXFileReference; lastKnownFileType = folder.assetcatalog; path = Assets.xcassets; sourceTree = "<group>"; };
		D22BC8F623AB8A1600F97D84 /* Base */ = {isa = PBXFileReference; lastKnownFileType = file.storyboard; name = Base; path = Base.lproj/LaunchScreen.storyboard; sourceTree = "<group>"; };
		D22BC8F823AB8A1600F97D84 /* Info.plist */ = {isa = PBXFileReference; lastKnownFileType = text.plist.xml; path = Info.plist; sourceTree = "<group>"; };
		D22BC8FD23AB8A1600F97D84 /* TestCardViewTests.xctest */ = {isa = PBXFileReference; explicitFileType = wrapper.cfbundle; includeInIndex = 0; path = TestCardViewTests.xctest; sourceTree = BUILT_PRODUCTS_DIR; };
		D22BC90123AB8A1600F97D84 /* TestCardViewTests.swift */ = {isa = PBXFileReference; lastKnownFileType = sourcecode.swift; path = TestCardViewTests.swift; sourceTree = "<group>"; };
		D22BC90323AB8A1600F97D84 /* Info.plist */ = {isa = PBXFileReference; lastKnownFileType = text.plist.xml; path = Info.plist; sourceTree = "<group>"; };
		D22BC90823AB8A1600F97D84 /* TestCardViewUITests.xctest */ = {isa = PBXFileReference; explicitFileType = wrapper.cfbundle; includeInIndex = 0; path = TestCardViewUITests.xctest; sourceTree = BUILT_PRODUCTS_DIR; };
		D22BC90C23AB8A1600F97D84 /* TestCardViewUITests.swift */ = {isa = PBXFileReference; lastKnownFileType = sourcecode.swift; path = TestCardViewUITests.swift; sourceTree = "<group>"; };
		D22BC90E23AB8A1600F97D84 /* Info.plist */ = {isa = PBXFileReference; lastKnownFileType = text.plist.xml; path = Info.plist; sourceTree = "<group>"; };
		D22BC91A23AB8A2100F97D84 /* CustomCollectionViewCell.swift */ = {isa = PBXFileReference; fileEncoding = 4; lastKnownFileType = sourcecode.swift; path = CustomCollectionViewCell.swift; sourceTree = "<group>"; };
		D22BC91E23AC98BA00F97D84 /* CardView.swift */ = {isa = PBXFileReference; lastKnownFileType = sourcecode.swift; path = CardView.swift; sourceTree = "<group>"; };
		D2B4571A3BDAB0812192ABA6 /* Pods-TestCardView.debug.xcconfig */ = {isa = PBXFileReference; includeInIndex = 1; lastKnownFileType = text.xcconfig; name = "Pods-TestCardView.debug.xcconfig"; path = "Target Support Files/Pods-TestCardView/Pods-TestCardView.debug.xcconfig"; sourceTree = "<group>"; };
		D2FFE2CD23B9F9C900DB0ED5 /* TitleScrollView.swift */ = {isa = PBXFileReference; lastKnownFileType = sourcecode.swift; path = TitleScrollView.swift; sourceTree = "<group>"; };
		D2FFE2CF23B9FFF800DB0ED5 /* Configue.swift */ = {isa = PBXFileReference; lastKnownFileType = sourcecode.swift; path = Configue.swift; sourceTree = "<group>"; };
		EA7980D92135ABADF801F015 /* Pods-TestCardViewTests.release.xcconfig */ = {isa = PBXFileReference; includeInIndex = 1; lastKnownFileType = text.xcconfig; name = "Pods-TestCardViewTests.release.xcconfig"; path = "Target Support Files/Pods-TestCardViewTests/Pods-TestCardViewTests.release.xcconfig"; sourceTree = "<group>"; };
		F2BFCF3BD0C63C31AD0F04B5 /* Pods_TestCardViewTests.framework */ = {isa = PBXFileReference; explicitFileType = wrapper.framework; includeInIndex = 0; path = Pods_TestCardViewTests.framework; sourceTree = BUILT_PRODUCTS_DIR; };
		FFBAF55BF436E8F83EC8426D /* Pods-TestCardViewUITests.debug.xcconfig */ = {isa = PBXFileReference; includeInIndex = 1; lastKnownFileType = text.xcconfig; name = "Pods-TestCardViewUITests.debug.xcconfig"; path = "Target Support Files/Pods-TestCardViewUITests/Pods-TestCardViewUITests.debug.xcconfig"; sourceTree = "<group>"; };
/* End PBXFileReference section */

/* Begin PBXFrameworksBuildPhase section */
		D22BC8E623AB8A1400F97D84 /* Frameworks */ = {
			isa = PBXFrameworksBuildPhase;
			buildActionMask = 2147483647;
			files = (
				F95B162EAB04B2005D5F295B /* Pods_TestCardView.framework in Frameworks */,
			);
			runOnlyForDeploymentPostprocessing = 0;
		};
		D22BC8FA23AB8A1600F97D84 /* Frameworks */ = {
			isa = PBXFrameworksBuildPhase;
			buildActionMask = 2147483647;
			files = (
				155AD25B43920F4E4B67A5A2 /* Pods_TestCardViewTests.framework in Frameworks */,
			);
			runOnlyForDeploymentPostprocessing = 0;
		};
		D22BC90523AB8A1600F97D84 /* Frameworks */ = {
			isa = PBXFrameworksBuildPhase;
			buildActionMask = 2147483647;
			files = (
				C3D6412508B7636B98463E88 /* Pods_TestCardViewUITests.framework in Frameworks */,
			);
			runOnlyForDeploymentPostprocessing = 0;
		};
/* End PBXFrameworksBuildPhase section */

/* Begin PBXGroup section */
		733712ED3B3F41DC2C5BC9FF /* Pods */ = {
			isa = PBXGroup;
			children = (
				D2B4571A3BDAB0812192ABA6 /* Pods-TestCardView.debug.xcconfig */,
				686B4E22B44DF4FB8E18365E /* Pods-TestCardView.release.xcconfig */,
				BCC41B66160DE627D1C4C75D /* Pods-TestCardViewTests.debug.xcconfig */,
				EA7980D92135ABADF801F015 /* Pods-TestCardViewTests.release.xcconfig */,
				FFBAF55BF436E8F83EC8426D /* Pods-TestCardViewUITests.debug.xcconfig */,
				AC33ADE2FD11D3E90C3301F1 /* Pods-TestCardViewUITests.release.xcconfig */,
			);
			path = Pods;
			sourceTree = "<group>";
		};
		8F98C690172D3A100AE9981B /* Frameworks */ = {
			isa = PBXGroup;
			children = (
				8FA0BFDD9E65CEFF4C15D3ED /* Pods_TestCardView.framework */,
				F2BFCF3BD0C63C31AD0F04B5 /* Pods_TestCardViewTests.framework */,
				94D3EABAC2A841C05E3B9F9D /* Pods_TestCardViewUITests.framework */,
			);
			name = Frameworks;
			sourceTree = "<group>";
		};
		D22BC8E023AB8A1400F97D84 = {
			isa = PBXGroup;
			children = (
				D22BC8EB23AB8A1400F97D84 /* TestCardView */,
				D22BC90023AB8A1600F97D84 /* TestCardViewTests */,
				D22BC90B23AB8A1600F97D84 /* TestCardViewUITests */,
				D22BC8EA23AB8A1400F97D84 /* Products */,
				733712ED3B3F41DC2C5BC9FF /* Pods */,
				8F98C690172D3A100AE9981B /* Frameworks */,
			);
			sourceTree = "<group>";
		};
		D22BC8EA23AB8A1400F97D84 /* Products */ = {
			isa = PBXGroup;
			children = (
				D22BC8E923AB8A1400F97D84 /* TestCardView.app */,
				D22BC8FD23AB8A1600F97D84 /* TestCardViewTests.xctest */,
				D22BC90823AB8A1600F97D84 /* TestCardViewUITests.xctest */,
			);
			name = Products;
			sourceTree = "<group>";
		};
		D22BC8EB23AB8A1400F97D84 /* TestCardView */ = {
			isa = PBXGroup;
			children = (
				D22BC8EC23AB8A1400F97D84 /* AppDelegate.swift */,
				D22BC8EE23AB8A1400F97D84 /* ViewController.swift */,
				D22BC91A23AB8A2100F97D84 /* CustomCollectionViewCell.swift */,
				D22BC91E23AC98BA00F97D84 /* CardView.swift */,
				D2FFE2CD23B9F9C900DB0ED5 /* TitleScrollView.swift */,
				D2FFE2CF23B9FFF800DB0ED5 /* Configue.swift */,
				D22BC8F023AB8A1400F97D84 /* Main.storyboard */,
				D22BC8F323AB8A1600F97D84 /* Assets.xcassets */,
				D22BC8F523AB8A1600F97D84 /* LaunchScreen.storyboard */,
				D22BC8F823AB8A1600F97D84 /* Info.plist */,
			);
			path = TestCardView;
			sourceTree = "<group>";
		};
		D22BC90023AB8A1600F97D84 /* TestCardViewTests */ = {
			isa = PBXGroup;
			children = (
				D22BC90123AB8A1600F97D84 /* TestCardViewTests.swift */,
				D22BC90323AB8A1600F97D84 /* Info.plist */,
			);
			path = TestCardViewTests;
			sourceTree = "<group>";
		};
		D22BC90B23AB8A1600F97D84 /* TestCardViewUITests */ = {
			isa = PBXGroup;
			children = (
				D22BC90C23AB8A1600F97D84 /* TestCardViewUITests.swift */,
				D22BC90E23AB8A1600F97D84 /* Info.plist */,
			);
			path = TestCardViewUITests;
			sourceTree = "<group>";
		};
/* End PBXGroup section */

/* Begin PBXNativeTarget section */
		D22BC8E823AB8A1400F97D84 /* TestCardView */ = {
			isa = PBXNativeTarget;
			buildConfigurationList = D22BC91123AB8A1600F97D84 /* Build configuration list for PBXNativeTarget "TestCardView" */;
			buildPhases = (
				214E64A5B40DD757B98D2330 /* [CP] Check Pods Manifest.lock */,
				D22BC8E523AB8A1400F97D84 /* Sources */,
				D22BC8E623AB8A1400F97D84 /* Frameworks */,
				D22BC8E723AB8A1400F97D84 /* Resources */,
				67D359A6A9585DE0A31AF90A /* [CP] Embed Pods Frameworks */,
			);
			buildRules = (
			);
			dependencies = (
			);
			name = TestCardView;
			productName = TestCardView;
			productReference = D22BC8E923AB8A1400F97D84 /* TestCardView.app */;
			productType = "com.apple.product-type.application";
		};
		D22BC8FC23AB8A1600F97D84 /* TestCardViewTests */ = {
			isa = PBXNativeTarget;
			buildConfigurationList = D22BC91423AB8A1600F97D84 /* Build configuration list for PBXNativeTarget "TestCardViewTests" */;
			buildPhases = (
				E92BAAFA0FB934E05199CED9 /* [CP] Check Pods Manifest.lock */,
				D22BC8F923AB8A1600F97D84 /* Sources */,
				D22BC8FA23AB8A1600F97D84 /* Frameworks */,
				D22BC8FB23AB8A1600F97D84 /* Resources */,
			);
			buildRules = (
			);
			dependencies = (
				D22BC8FF23AB8A1600F97D84 /* PBXTargetDependency */,
			);
			name = TestCardViewTests;
			productName = TestCardViewTests;
			productReference = D22BC8FD23AB8A1600F97D84 /* TestCardViewTests.xctest */;
			productType = "com.apple.product-type.bundle.unit-test";
		};
		D22BC90723AB8A1600F97D84 /* TestCardViewUITests */ = {
			isa = PBXNativeTarget;
			buildConfigurationList = D22BC91723AB8A1600F97D84 /* Build configuration list for PBXNativeTarget "TestCardViewUITests" */;
			buildPhases = (
				00402BAC1352CA9DD9A1E48F /* [CP] Check Pods Manifest.lock */,
				D22BC90423AB8A1600F97D84 /* Sources */,
				D22BC90523AB8A1600F97D84 /* Frameworks */,
				D22BC90623AB8A1600F97D84 /* Resources */,
			);
			buildRules = (
			);
			dependencies = (
				D22BC90A23AB8A1600F97D84 /* PBXTargetDependency */,
			);
			name = TestCardViewUITests;
			productName = TestCardViewUITests;
			productReference = D22BC90823AB8A1600F97D84 /* TestCardViewUITests.xctest */;
			productType = "com.apple.product-type.bundle.ui-testing";
		};
/* End PBXNativeTarget section */

/* Begin PBXProject section */
		D22BC8E123AB8A1400F97D84 /* Project object */ = {
			isa = PBXProject;
			attributes = {
				LastSwiftUpdateCheck = 1010;
				LastUpgradeCheck = 1010;
				ORGANIZATIONNAME = haoge;
				TargetAttributes = {
					D22BC8E823AB8A1400F97D84 = {
						CreatedOnToolsVersion = 10.1;
					};
					D22BC8FC23AB8A1600F97D84 = {
						CreatedOnToolsVersion = 10.1;
						TestTargetID = D22BC8E823AB8A1400F97D84;
					};
					D22BC90723AB8A1600F97D84 = {
						CreatedOnToolsVersion = 10.1;
						TestTargetID = D22BC8E823AB8A1400F97D84;
					};
				};
			};
			buildConfigurationList = D22BC8E423AB8A1400F97D84 /* Build configuration list for PBXProject "TestCardView" */;
			compatibilityVersion = "Xcode 9.3";
			developmentRegion = en;
			hasScannedForEncodings = 0;
			knownRegions = (
				en,
				Base,
			);
			mainGroup = D22BC8E023AB8A1400F97D84;
			productRefGroup = D22BC8EA23AB8A1400F97D84 /* Products */;
			projectDirPath = "";
			projectRoot = "";
			targets = (
				D22BC8E823AB8A1400F97D84 /* TestCardView */,
				D22BC8FC23AB8A1600F97D84 /* TestCardViewTests */,
				D22BC90723AB8A1600F97D84 /* TestCardViewUITests */,
			);
		};
/* End PBXProject section */

/* Begin PBXResourcesBuildPhase section */
		D22BC8E723AB8A1400F97D84 /* Resources */ = {
			isa = PBXResourcesBuildPhase;
			buildActionMask = 2147483647;
			files = (
				D22BC8F723AB8A1600F97D84 /* LaunchScreen.storyboard in Resources */,
				D22BC8F423AB8A1600F97D84 /* Assets.xcassets in Resources */,
				D22BC8F223AB8A1400F97D84 /* Main.storyboard in Resources */,
			);
			runOnlyForDeploymentPostprocessing = 0;
		};
		D22BC8FB23AB8A1600F97D84 /* Resources */ = {
			isa = PBXResourcesBuildPhase;
			buildActionMask = 2147483647;
			files = (
			);
			runOnlyForDeploymentPostprocessing = 0;
		};
		D22BC90623AB8A1600F97D84 /* Resources */ = {
			isa = PBXResourcesBuildPhase;
			buildActionMask = 2147483647;
			files = (
			);
			runOnlyForDeploymentPostprocessing = 0;
		};
/* End PBXResourcesBuildPhase section */

/* Begin PBXShellScriptBuildPhase section */
		00402BAC1352CA9DD9A1E48F /* [CP] Check Pods Manifest.lock */ = {
			isa = PBXShellScriptBuildPhase;
			buildActionMask = 2147483647;
			files = (
			);
			inputFileListPaths = (
			);
			inputPaths = (
				"${PODS_PODFILE_DIR_PATH}/Podfile.lock",
				"${PODS_ROOT}/Manifest.lock",
			);
			name = "[CP] Check Pods Manifest.lock";
			outputFileListPaths = (
			);
			outputPaths = (
				"$(DERIVED_FILE_DIR)/Pods-TestCardViewUITests-checkManifestLockResult.txt",
			);
			runOnlyForDeploymentPostprocessing = 0;
			shellPath = /bin/sh;
			shellScript = "diff \"${PODS_PODFILE_DIR_PATH}/Podfile.lock\" \"${PODS_ROOT}/Manifest.lock\" > /dev/null\nif [ $? != 0 ] ; then\n    # print error to STDERR\n    echo \"error: The sandbox is not in sync with the Podfile.lock. Run 'pod install' or update your CocoaPods installation.\" >&2\n    exit 1\nfi\n# This output is used by Xcode 'outputs' to avoid re-running this script phase.\necho \"SUCCESS\" > \"${SCRIPT_OUTPUT_FILE_0}\"\n";
			showEnvVarsInLog = 0;
		};
		214E64A5B40DD757B98D2330 /* [CP] Check Pods Manifest.lock */ = {
			isa = PBXShellScriptBuildPhase;
			buildActionMask = 2147483647;
			files = (
			);
			inputFileListPaths = (
			);
			inputPaths = (
				"${PODS_PODFILE_DIR_PATH}/Podfile.lock",
				"${PODS_ROOT}/Manifest.lock",
			);
			name = "[CP] Check Pods Manifest.lock";
			outputFileListPaths = (
			);
			outputPaths = (
				"$(DERIVED_FILE_DIR)/Pods-TestCardView-checkManifestLockResult.txt",
			);
			runOnlyForDeploymentPostprocessing = 0;
			shellPath = /bin/sh;
			shellScript = "diff \"${PODS_PODFILE_DIR_PATH}/Podfile.lock\" \"${PODS_ROOT}/Manifest.lock\" > /dev/null\nif [ $? != 0 ] ; then\n    # print error to STDERR\n    echo \"error: The sandbox is not in sync with the Podfile.lock. Run 'pod install' or update your CocoaPods installation.\" >&2\n    exit 1\nfi\n# This output is used by Xcode 'outputs' to avoid re-running this script phase.\necho \"SUCCESS\" > \"${SCRIPT_OUTPUT_FILE_0}\"\n";
			showEnvVarsInLog = 0;
		};
		67D359A6A9585DE0A31AF90A /* [CP] Embed Pods Frameworks */ = {
			isa = PBXShellScriptBuildPhase;
			buildActionMask = 2147483647;
			files = (
			);
			inputFileListPaths = (
				"${PODS_ROOT}/Target Support Files/Pods-TestCardView/Pods-TestCardView-frameworks-${CONFIGURATION}-input-files.xcfilelist",
			);
			name = "[CP] Embed Pods Frameworks";
			outputFileListPaths = (
				"${PODS_ROOT}/Target Support Files/Pods-TestCardView/Pods-TestCardView-frameworks-${CONFIGURATION}-output-files.xcfilelist",
			);
			runOnlyForDeploymentPostprocessing = 0;
			shellPath = /bin/sh;
			shellScript = "\"${PODS_ROOT}/Target Support Files/Pods-TestCardView/Pods-TestCardView-frameworks.sh\"\n";
			showEnvVarsInLog = 0;
		};
		E92BAAFA0FB934E05199CED9 /* [CP] Check Pods Manifest.lock */ = {
			isa = PBXShellScriptBuildPhase;
			buildActionMask = 2147483647;
			files = (
			);
			inputFileListPaths = (
			);
			inputPaths = (
				"${PODS_PODFILE_DIR_PATH}/Podfile.lock",
				"${PODS_ROOT}/Manifest.lock",
			);
			name = "[CP] Check Pods Manifest.lock";
			outputFileListPaths = (
			);
			outputPaths = (
				"$(DERIVED_FILE_DIR)/Pods-TestCardViewTests-checkManifestLockResult.txt",
			);
			runOnlyForDeploymentPostprocessing = 0;
			shellPath = /bin/sh;
			shellScript = "diff \"${PODS_PODFILE_DIR_PATH}/Podfile.lock\" \"${PODS_ROOT}/Manifest.lock\" > /dev/null\nif [ $? != 0 ] ; then\n    # print error to STDERR\n    echo \"error: The sandbox is not in sync with the Podfile.lock. Run 'pod install' or update your CocoaPods installation.\" >&2\n    exit 1\nfi\n# This output is used by Xcode 'outputs' to avoid re-running this script phase.\necho \"SUCCESS\" > \"${SCRIPT_OUTPUT_FILE_0}\"\n";
			showEnvVarsInLog = 0;
		};
/* End PBXShellScriptBuildPhase section */

/* Begin PBXSourcesBuildPhase section */
		D22BC8E523AB8A1400F97D84 /* Sources */ = {
			isa = PBXSourcesBuildPhase;
			buildActionMask = 2147483647;
			files = (
				D22BC8EF23AB8A1400F97D84 /* ViewController.swift in Sources */,
				D2FFE2D023B9FFF800DB0ED5 /* Configue.swift in Sources */,
				D22BC91B23AB8A2100F97D84 /* CustomCollectionViewCell.swift in Sources */,
				D22BC8ED23AB8A1400F97D84 /* AppDelegate.swift in Sources */,
				D22BC91F23AC98BA00F97D84 /* CardView.swift in Sources */,
				D2FFE2CE23B9F9C900DB0ED5 /* TitleScrollView.swift in Sources */,
			);
			runOnlyForDeploymentPostprocessing = 0;
		};
		D22BC8F923AB8A1600F97D84 /* Sources */ = {
			isa = PBXSourcesBuildPhase;
			buildActionMask = 2147483647;
			files = (
				D22BC90223AB8A1600F97D84 /* TestCardViewTests.swift in Sources */,
			);
			runOnlyForDeploymentPostprocessing = 0;
		};
		D22BC90423AB8A1600F97D84 /* Sources */ = {
			isa = PBXSourcesBuildPhase;
			buildActionMask = 2147483647;
			files = (
				D22BC90D23AB8A1600F97D84 /* TestCardViewUITests.swift in Sources */,
			);
			runOnlyForDeploymentPostprocessing = 0;
		};
/* End PBXSourcesBuildPhase section */

/* Begin PBXTargetDependency section */
		D22BC8FF23AB8A1600F97D84 /* PBXTargetDependency */ = {
			isa = PBXTargetDependency;
			target = D22BC8E823AB8A1400F97D84 /* TestCardView */;
			targetProxy = D22BC8FE23AB8A1600F97D84 /* PBXContainerItemProxy */;
		};
		D22BC90A23AB8A1600F97D84 /* PBXTargetDependency */ = {
			isa = PBXTargetDependency;
			target = D22BC8E823AB8A1400F97D84 /* TestCardView */;
			targetProxy = D22BC90923AB8A1600F97D84 /* PBXContainerItemProxy */;
		};
/* End PBXTargetDependency section */

/* Begin PBXVariantGroup section */
		D22BC8F023AB8A1400F97D84 /* Main.storyboard */ = {
			isa = PBXVariantGroup;
			children = (
				D22BC8F123AB8A1400F97D84 /* Base */,
			);
			name = Main.storyboard;
			sourceTree = "<group>";
		};
		D22BC8F523AB8A1600F97D84 /* LaunchScreen.storyboard */ = {
			isa = PBXVariantGroup;
			children = (
				D22BC8F623AB8A1600F97D84 /* Base */,
			);
			name = LaunchScreen.storyboard;
			sourceTree = "<group>";
		};
/* End PBXVariantGroup section */

/* Begin XCBuildConfiguration section */
		D22BC90F23AB8A1600F97D84 /* Debug */ = {
			isa = XCBuildConfiguration;
			buildSettings = {
				ALWAYS_SEARCH_USER_PATHS = NO;
				CLANG_ANALYZER_NONNULL = YES;
				CLANG_ANALYZER_NUMBER_OBJECT_CONVERSION = YES_AGGRESSIVE;
				CLANG_CXX_LANGUAGE_STANDARD = "gnu++14";
				CLANG_CXX_LIBRARY = "libc++";
				CLANG_ENABLE_MODULES = YES;
				CLANG_ENABLE_OBJC_ARC = YES;
				CLANG_ENABLE_OBJC_WEAK = YES;
				CLANG_WARN_BLOCK_CAPTURE_AUTORELEASING = YES;
				CLANG_WARN_BOOL_CONVERSION = YES;
				CLANG_WARN_COMMA = YES;
				CLANG_WARN_CONSTANT_CONVERSION = YES;
				CLANG_WARN_DEPRECATED_OBJC_IMPLEMENTATIONS = YES;
				CLANG_WARN_DIRECT_OBJC_ISA_USAGE = YES_ERROR;
				CLANG_WARN_DOCUMENTATION_COMMENTS = YES;
				CLANG_WARN_EMPTY_BODY = YES;
				CLANG_WARN_ENUM_CONVERSION = YES;
				CLANG_WARN_INFINITE_RECURSION = YES;
				CLANG_WARN_INT_CONVERSION = YES;
				CLANG_WARN_NON_LITERAL_NULL_CONVERSION = YES;
				CLANG_WARN_OBJC_IMPLICIT_RETAIN_SELF = YES;
				CLANG_WARN_OBJC_LITERAL_CONVERSION = YES;
				CLANG_WARN_OBJC_ROOT_CLASS = YES_ERROR;
				CLANG_WARN_RANGE_LOOP_ANALYSIS = YES;
				CLANG_WARN_STRICT_PROTOTYPES = YES;
				CLANG_WARN_SUSPICIOUS_MOVE = YES;
				CLANG_WARN_UNGUARDED_AVAILABILITY = YES_AGGRESSIVE;
				CLANG_WARN_UNREACHABLE_CODE = YES;
				CLANG_WARN__DUPLICATE_METHOD_MATCH = YES;
				CODE_SIGN_IDENTITY = "iPhone Developer";
				COPY_PHASE_STRIP = NO;
				DEBUG_INFORMATION_FORMAT = dwarf;
				ENABLE_STRICT_OBJC_MSGSEND = YES;
				ENABLE_TESTABILITY = YES;
				GCC_C_LANGUAGE_STANDARD = gnu11;
				GCC_DYNAMIC_NO_PIC = NO;
				GCC_NO_COMMON_BLOCKS = YES;
				GCC_OPTIMIZATION_LEVEL = 0;
				GCC_PREPROCESSOR_DEFINITIONS = (
					"DEBUG=1",
					"$(inherited)",
				);
				GCC_WARN_64_TO_32_BIT_CONVERSION = YES;
				GCC_WARN_ABOUT_RETURN_TYPE = YES_ERROR;
				GCC_WARN_UNDECLARED_SELECTOR = YES;
				GCC_WARN_UNINITIALIZED_AUTOS = YES_AGGRESSIVE;
				GCC_WARN_UNUSED_FUNCTION = YES;
				GCC_WARN_UNUSED_VARIABLE = YES;
				IPHONEOS_DEPLOYMENT_TARGET = 12.1;
				MTL_ENABLE_DEBUG_INFO = INCLUDE_SOURCE;
				MTL_FAST_MATH = YES;
				ONLY_ACTIVE_ARCH = YES;
				SDKROOT = iphoneos;
				SWIFT_ACTIVE_COMPILATION_CONDITIONS = DEBUG;
				SWIFT_OPTIMIZATION_LEVEL = "-Onone";
			};
			name = Debug;
		};
		D22BC91023AB8A1600F97D84 /* Release */ = {
			isa = XCBuildConfiguration;
			buildSettings = {
				ALWAYS_SEARCH_USER_PATHS = NO;
				CLANG_ANALYZER_NONNULL = YES;
				CLANG_ANALYZER_NUMBER_OBJECT_CONVERSION = YES_AGGRESSIVE;
				CLANG_CXX_LANGUAGE_STANDARD = "gnu++14";
				CLANG_CXX_LIBRARY = "libc++";
				CLANG_ENABLE_MODULES = YES;
				CLANG_ENABLE_OBJC_ARC = YES;
				CLANG_ENABLE_OBJC_WEAK = YES;
				CLANG_WARN_BLOCK_CAPTURE_AUTORELEASING = YES;
				CLANG_WARN_BOOL_CONVERSION = YES;
				CLANG_WARN_COMMA = YES;
				CLANG_WARN_CONSTANT_CONVERSION = YES;
				CLANG_WARN_DEPRECATED_OBJC_IMPLEMENTATIONS = YES;
				CLANG_WARN_DIRECT_OBJC_ISA_USAGE = YES_ERROR;
				CLANG_WARN_DOCUMENTATION_COMMENTS = YES;
				CLANG_WARN_EMPTY_BODY = YES;
				CLANG_WARN_ENUM_CONVERSION = YES;
				CLANG_WARN_INFINITE_RECURSION = YES;
				CLANG_WARN_INT_CONVERSION = YES;
				CLANG_WARN_NON_LITERAL_NULL_CONVERSION = YES;
				CLANG_WARN_OBJC_IMPLICIT_RETAIN_SELF = YES;
				CLANG_WARN_OBJC_LITERAL_CONVERSION = YES;
				CLANG_WARN_OBJC_ROOT_CLASS = YES_ERROR;
				CLANG_WARN_RANGE_LOOP_ANALYSIS = YES;
				CLANG_WARN_STRICT_PROTOTYPES = YES;
				CLANG_WARN_SUSPICIOUS_MOVE = YES;
				CLANG_WARN_UNGUARDED_AVAILABILITY = YES_AGGRESSIVE;
				CLANG_WARN_UNREACHABLE_CODE = YES;
				CLANG_WARN__DUPLICATE_METHOD_MATCH = YES;
				CODE_SIGN_IDENTITY = "iPhone Developer";
				COPY_PHASE_STRIP = NO;
				DEBUG_INFORMATION_FORMAT = "dwarf-with-dsym";
				ENABLE_NS_ASSERTIONS = NO;
				ENABLE_STRICT_OBJC_MSGSEND = YES;
				GCC_C_LANGUAGE_STANDARD = gnu11;
				GCC_NO_COMMON_BLOCKS = YES;
				GCC_WARN_64_TO_32_BIT_CONVERSION = YES;
				GCC_WARN_ABOUT_RETURN_TYPE = YES_ERROR;
				GCC_WARN_UNDECLARED_SELECTOR = YES;
				GCC_WARN_UNINITIALIZED_AUTOS = YES_AGGRESSIVE;
				GCC_WARN_UNUSED_FUNCTION = YES;
				GCC_WARN_UNUSED_VARIABLE = YES;
				IPHONEOS_DEPLOYMENT_TARGET = 12.1;
				MTL_ENABLE_DEBUG_INFO = NO;
				MTL_FAST_MATH = YES;
				SDKROOT = iphoneos;
				SWIFT_COMPILATION_MODE = wholemodule;
				SWIFT_OPTIMIZATION_LEVEL = "-O";
				VALIDATE_PRODUCT = YES;
			};
			name = Release;
		};
		D22BC91223AB8A1600F97D84 /* Debug */ = {
			isa = XCBuildConfiguration;
			baseConfigurationReference = D2B4571A3BDAB0812192ABA6 /* Pods-TestCardView.debug.xcconfig */;
			buildSettings = {
				ASSETCATALOG_COMPILER_APPICON_NAME = AppIcon;
				CODE_SIGN_STYLE = Automatic;
				INFOPLIST_FILE = TestCardView/Info.plist;
				LD_RUNPATH_SEARCH_PATHS = (
					"$(inherited)",
					"@executable_path/Frameworks",
				);
				PRODUCT_BUNDLE_IDENTIFIER = haohao.com.TestCardView;
				PRODUCT_NAME = "$(TARGET_NAME)";
				SWIFT_VERSION = 4.2;
				TARGETED_DEVICE_FAMILY = "1,2";
			};
			name = Debug;
		};
		D22BC91323AB8A1600F97D84 /* Release */ = {
			isa = XCBuildConfiguration;
			baseConfigurationReference = 686B4E22B44DF4FB8E18365E /* Pods-TestCardView.release.xcconfig */;
			buildSettings = {
				ASSETCATALOG_COMPILER_APPICON_NAME = AppIcon;
				CODE_SIGN_STYLE = Automatic;
				INFOPLIST_FILE = TestCardView/Info.plist;
				LD_RUNPATH_SEARCH_PATHS = (
					"$(inherited)",
					"@executable_path/Frameworks",
				);
				PRODUCT_BUNDLE_IDENTIFIER = haohao.com.TestCardView;
				PRODUCT_NAME = "$(TARGET_NAME)";
				SWIFT_VERSION = 4.2;
				TARGETED_DEVICE_FAMILY = "1,2";
			};
			name = Release;
		};
		D22BC91523AB8A1600F97D84 /* Debug */ = {
			isa = XCBuildConfiguration;
			baseConfigurationReference = BCC41B66160DE627D1C4C75D /* Pods-TestCardViewTests.debug.xcconfig */;
			buildSettings = {
				ALWAYS_EMBED_SWIFT_STANDARD_LIBRARIES = YES;
				BUNDLE_LOADER = "$(TEST_HOST)";
				CODE_SIGN_STYLE = Automatic;
				INFOPLIST_FILE = TestCardViewTests/Info.plist;
				LD_RUNPATH_SEARCH_PATHS = (
					"$(inherited)",
					"@executable_path/Frameworks",
					"@loader_path/Frameworks",
				);
				PRODUCT_BUNDLE_IDENTIFIER = haohao.com.TestCardViewTests;
				PRODUCT_NAME = "$(TARGET_NAME)";
				SWIFT_VERSION = 4.2;
				TARGETED_DEVICE_FAMILY = "1,2";
				TEST_HOST = "$(BUILT_PRODUCTS_DIR)/TestCardView.app/TestCardView";
			};
			name = Debug;
		};
		D22BC91623AB8A1600F97D84 /* Release */ = {
			isa = XCBuildConfiguration;
			baseConfigurationReference = EA7980D92135ABADF801F015 /* Pods-TestCardViewTests.release.xcconfig */;
			buildSettings = {
				ALWAYS_EMBED_SWIFT_STANDARD_LIBRARIES = YES;
				BUNDLE_LOADER = "$(TEST_HOST)";
				CODE_SIGN_STYLE = Automatic;
				INFOPLIST_FILE = TestCardViewTests/Info.plist;
				LD_RUNPATH_SEARCH_PATHS = (
					"$(inherited)",
					"@executable_path/Frameworks",
					"@loader_path/Frameworks",
				);
				PRODUCT_BUNDLE_IDENTIFIER = haohao.com.TestCardViewTests;
				PRODUCT_NAME = "$(TARGET_NAME)";
				SWIFT_VERSION = 4.2;
				TARGETED_DEVICE_FAMILY = "1,2";
				TEST_HOST = "$(BUILT_PRODUCTS_DIR)/TestCardView.app/TestCardView";
			};
			name = Release;
		};
		D22BC91823AB8A1600F97D84 /* Debug */ = {
			isa = XCBuildConfiguration;
			baseConfigurationReference = FFBAF55BF436E8F83EC8426D /* Pods-TestCardViewUITests.debug.xcconfig */;
			buildSettings = {
				ALWAYS_EMBED_SWIFT_STANDARD_LIBRARIES = YES;
				CODE_SIGN_STYLE = Automatic;
				INFOPLIST_FILE = TestCardViewUITests/Info.plist;
				LD_RUNPATH_SEARCH_PATHS = (
					"$(inherited)",
					"@executable_path/Frameworks",
					"@loader_path/Frameworks",
				);
				PRODUCT_BUNDLE_IDENTIFIER = haohao.com.TestCardViewUITests;
				PRODUCT_NAME = "$(TARGET_NAME)";
				SWIFT_VERSION = 4.2;
				TARGETED_DEVICE_FAMILY = "1,2";
				TEST_TARGET_NAME = TestCardView;
			};
			name = Debug;
		};
		D22BC91923AB8A1600F97D84 /* Release */ = {
			isa = XCBuildConfiguration;
			baseConfigurationReference = AC33ADE2FD11D3E90C3301F1 /* Pods-TestCardViewUITests.release.xcconfig */;
			buildSettings = {
				ALWAYS_EMBED_SWIFT_STANDARD_LIBRARIES = YES;
				CODE_SIGN_STYLE = Automatic;
				INFOPLIST_FILE = TestCardViewUITests/Info.plist;
				LD_RUNPATH_SEARCH_PATHS = (
					"$(inherited)",
					"@executable_path/Frameworks",
					"@loader_path/Frameworks",
				);
				PRODUCT_BUNDLE_IDENTIFIER = haohao.com.TestCardViewUITests;
				PRODUCT_NAME = "$(TARGET_NAME)";
				SWIFT_VERSION = 4.2;
				TARGETED_DEVICE_FAMILY = "1,2";
				TEST_TARGET_NAME = TestCardView;
			};
			name = Release;
		};
/* End XCBuildConfiguration section */

/* Begin XCConfigurationList section */
		D22BC8E423AB8A1400F97D84 /* Build configuration list for PBXProject "TestCardView" */ = {
			isa = XCConfigurationList;
			buildConfigurations = (
				D22BC90F23AB8A1600F97D84 /* Debug */,
				D22BC91023AB8A1600F97D84 /* Release */,
			);
			defaultConfigurationIsVisible = 0;
			defaultConfigurationName = Release;
		};
		D22BC91123AB8A1600F97D84 /* Build configuration list for PBXNativeTarget "TestCardView" */ = {
			isa = XCConfigurationList;
			buildConfigurations = (
				D22BC91223AB8A1600F97D84 /* Debug */,
				D22BC91323AB8A1600F97D84 /* Release */,
			);
			defaultConfigurationIsVisible = 0;
			defaultConfigurationName = Release;
		};
		D22BC91423AB8A1600F97D84 /* Build configuration list for PBXNativeTarget "TestCardViewTests" */ = {
			isa = XCConfigurationList;
			buildConfigurations = (
				D22BC91523AB8A1600F97D84 /* Debug */,
				D22BC91623AB8A1600F97D84 /* Release */,
			);
			defaultConfigurationIsVisible = 0;
			defaultConfigurationName = Release;
		};
		D22BC91723AB8A1600F97D84 /* Build configuration list for PBXNativeTarget "TestCardViewUITests" */ = {
			isa = XCConfigurationList;
			buildConfigurations = (
				D22BC91823AB8A1600F97D84 /* Debug */,
				D22BC91923AB8A1600F97D84 /* Release */,
			);
			defaultConfigurationIsVisible = 0;
			defaultConfigurationName = Release;
		};
/* End XCConfigurationList section */
	};
	rootObject = D22BC8E123AB8A1400F97D84 /* Project object */;
}
